
Microsoft Visual Studio Solution File, Format Version 12.00
# Visual Studio 15
VisualStudioVersion = 15.0.26403.7
MinimumVisualStudioVersion = 10.0.40219.1
Project("{FAE04EC0-301F-11D3-BF4B-00C04F79EFBC}") = "MoodTrackr", "MoodTrackr.csproj", "{99856B1C-DE9F-4DD4-8FEA-9D5DE9E24FE4}"
EndProject
Project("{2150E333-8FDC-42A3-9474-1A3956D46DE8}") = "Solution Items", "Solution Items", "{EEC481A6-F656-4D7B-BD26-B8F003FDEF0C}"
	ProjectSection(SolutionItems) = preProject
		..\.gitignore = ..\.gitignore
		..\README.md = ..\README.md
	EndProjectSection
EndProject
Global
	GlobalSection(SolutionConfigurationPlatforms) = preSolution
		Debug|Any CPU = Debug|Any CPU
		Release|Any CPU = Release|Any CPU
	EndGlobalSection
	GlobalSection(ProjectConfigurationPlatforms) = postSolution
		{99856B1C-DE9F-4DD4-8FEA-9D5DE9E24FE4}.Debug|Any CPU.ActiveCfg = Debug|Any CPU
		{99856B1C-DE9F-4DD4-8FEA-9D5DE9E24FE4}.Debug|Any CPU.Build.0 = Debug|Any CPU
		{99856B1C-DE9F-4DD4-8FEA-9D5DE9E24FE4}.Debug|Any CPU.Deploy.0 = Debug|Any CPU
		{99856B1C-DE9F-4DD4-8FEA-9D5DE9E24FE4}.Release|Any CPU.ActiveCfg = Release|Any CPU
		{99856B1C-DE9F-4DD4-8FEA-9D5DE9E24FE4}.Release|Any CPU.Build.0 = Release|Any CPU
		{99856B1C-DE9F-4DD4-8FEA-9D5DE9E24FE4}.Release|Any CPU.Deploy.0 = Release|Any CPU
	EndGlobalSection
	GlobalSection(SolutionProperties) = preSolution
		HideSolutionNode = FALSE
	EndGlobalSection
EndGlobal
